
Microsoft Visual Studio Solution File, Format Version 12.00
# Visual Studio Version 17
VisualStudioVersion = 17.0.31912.275
MinimumVisualStudioVersion = 10.0.40219.1
Project("{FAE04EC0-301F-11D3-BF4B-00C04F79EFBC}") = "Testübung", "Testübung\Testübung.csproj", "{BD6562DD-B885-4EBD-A6CD-17BAD2128EC9}"
EndProject
Global
	GlobalSection(SolutionConfigurationPlatforms) = preSolution
		Debug|Any CPU = Debug|Any CPU
		Release|Any CPU = Release|Any CPU
	EndGlobalSection
	GlobalSection(ProjectConfigurationPlatforms) = postSolution
		{BD6562DD-B885-4EBD-A6CD-17BAD2128EC9}.Debug|Any CPU.ActiveCfg = Debug|Any CPU
		{BD6562DD-B885-4EBD-A6CD-17BAD2128EC9}.Debug|Any CPU.Build.0 = Debug|Any CPU
		{BD6562DD-B885-4EBD-A6CD-17BAD2128EC9}.Release|Any CPU.ActiveCfg = Release|Any CPU
		{BD6562DD-B885-4EBD-A6CD-17BAD2128EC9}.Release|Any CPU.Build.0 = Release|Any CPU
	EndGlobalSection
	GlobalSection(SolutionProperties) = preSolution
		HideSolutionNode = FALSE
	EndGlobalSection
	GlobalSection(ExtensibilityGlobals) = postSolution
		SolutionGuid = {D54B4FA2-262C-4D6D-8D1A-93C253CAC3AD}
	EndGlobalSection
EndGlobal
